// !$*UTF8*$!
{
	archiveVersion = 1;
	classes = {
	};
	objectVersion = 46;
	objects = {

/* Begin PBXBuildFile section */
		AC081CA91E55011200447D2C /* AppDelegate.swift in Sources */ = {isa = PBXBuildFile; fileRef = AC081CA81E55011200447D2C /* AppDelegate.swift */; };
		AC081CAB1E55011200447D2C /* ViewController.swift in Sources */ = {isa = PBXBuildFile; fileRef = AC081CAA1E55011200447D2C /* ViewController.swift */; };
		AC081CAE1E55011200447D2C /* Main.storyboard in Resources */ = {isa = PBXBuildFile; fileRef = AC081CAC1E55011200447D2C /* Main.storyboard */; };
		AC081CB01E55011300447D2C /* Assets.xcassets in Resources */ = {isa = PBXBuildFile; fileRef = AC081CAF1E55011300447D2C /* Assets.xcassets */; };
		AC081CB31E55011300447D2C /* LaunchScreen.storyboard in Resources */ = {isa = PBXBuildFile; fileRef = AC081CB11E55011300447D2C /* LaunchScreen.storyboard */; };
		AC081CBB1E55259D00447D2C /* StudantViewController.swift in Sources */ = {isa = PBXBuildFile; fileRef = AC081CBA1E55259D00447D2C /* StudantViewController.swift */; };
/* End PBXBuildFile section */

/* Begin PBXFileReference section */
		AC081CA51E55011200447D2C /* BoostApp.app */ = {isa = PBXFileReference; explicitFileType = wrapper.application; includeInIndex = 0; path = BoostApp.app; sourceTree = BUILT_PRODUCTS_DIR; };
		AC081CA81E55011200447D2C /* AppDelegate.swift */ = {isa = PBXFileReference; lastKnownFileType = sourcecode.swift; path = AppDelegate.swift; sourceTree = "<group>"; };
		AC081CAA1E55011200447D2C /* ViewController.swift */ = {isa = PBXFileReference; lastKnownFileType = sourcecode.swift; path = ViewController.swift; sourceTree = "<group>"; };
		AC081CAD1E55011200447D2C /* Base */ = {isa = PBXFileReference; lastKnownFileType = file.storyboard; name = Base; path = Base.lproj/Main.storyboard; sourceTree = "<group>"; };
		AC081CAF1E55011300447D2C /* Assets.xcassets */ = {isa = PBXFileReference; lastKnownFileType = folder.assetcatalog; path = Assets.xcassets; sourceTree = "<group>"; };
		AC081CB21E55011300447D2C /* Base */ = {isa = PBXFileReference; lastKnownFileType = file.storyboard; name = Base; path = Base.lproj/LaunchScreen.storyboard; sourceTree = "<group>"; };
		AC081CB41E55011300447D2C /* Info.plist */ = {isa = PBXFileReference; lastKnownFileType = text.plist.xml; path = Info.plist; sourceTree = "<group>"; };
		AC081CBA1E55259D00447D2C /* StudantViewController.swift */ = {isa = PBXFileReference; fileEncoding = 4; lastKnownFileType = sourcecode.swift; path = StudantViewController.swift; sourceTree = "<group>"; };
/* End PBXFileReference section */

/* Begin PBXFrameworksBuildPhase section */
		AC081CA21E55011200447D2C /* Frameworks */ = {
			isa = PBXFrameworksBuildPhase;
			buildActionMask = 2147483647;
			files = (
			);
			runOnlyForDeploymentPostprocessing = 0;
		};
/* End PBXFrameworksBuildPhase section */

/* Begin PBXGroup section */
		AC081C9C1E55011200447D2C = {
			isa = PBXGroup;
			children = (
				AC081CA71E55011200447D2C /* BoostApp */,
				AC081CA61E55011200447D2C /* Products */,
			);
			sourceTree = "<group>";
		};
		AC081CA61E55011200447D2C /* Products */ = {
			isa = PBXGroup;
			children = (
				AC081CA51E55011200447D2C /* BoostApp.app */,
			);
			name = Products;
			sourceTree = "<group>";
		};
		AC081CA71E55011200447D2C /* BoostApp */ = {
			isa = PBXGroup;
			children = (
				AC081CA81E55011200447D2C /* AppDelegate.swift */,
				AC081CAA1E55011200447D2C /* ViewController.swift */,
				AC081CAC1E55011200447D2C /* Main.storyboard */,
				AC081CAF1E55011300447D2C /* Assets.xcassets */,
				AC081CB11E55011300447D2C /* LaunchScreen.storyboard */,
				AC081CB41E55011300447D2C /* Info.plist */,
				AC081CBA1E55259D00447D2C /* StudantViewController.swift */,
			);
			path = BoostApp;
			sourceTree = "<group>";
		};
/* End PBXGroup section */

/* Begin PBXNativeTarget section */
		AC081CA41E55011200447D2C /* BoostApp */ = {
			isa = PBXNativeTarget;
			buildConfigurationList = AC081CB71E55011300447D2C /* Build configuration list for PBXNativeTarget "BoostApp" */;
			buildPhases = (
				AC081CA11E55011200447D2C /* Sources */,
				AC081CA21E55011200447D2C /* Frameworks */,
				AC081CA31E55011200447D2C /* Resources */,
			);
			buildRules = (
			);
			dependencies = (
			);
			name = BoostApp;
			productName = BoostApp;
			productReference = AC081CA51E55011200447D2C /* BoostApp.app */;
			productType = "com.apple.product-type.application";
		};
/* End PBXNativeTarget section */

/* Begin PBXProject section */
		AC081C9D1E55011200447D2C /* Project object */ = {
			isa = PBXProject;
			attributes = {
				LastSwiftUpdateCheck = 0820;
				LastUpgradeCheck = 0820;
				ORGANIZATIONNAME = Fiap;
				TargetAttributes = {
					AC081CA41E55011200447D2C = {
						CreatedOnToolsVersion = 8.2.1;
						DevelopmentTeam = KRXY7Q4555;
						ProvisioningStyle = Automatic;
					};
				};
			};
			buildConfigurationList = AC081CA01E55011200447D2C /* Build configuration list for PBXProject "BoostApp" */;
			compatibilityVersion = "Xcode 3.2";
			developmentRegion = English;
			hasScannedForEncodings = 0;
			knownRegions = (
				en,
				Base,
			);
			mainGroup = AC081C9C1E55011200447D2C;
			productRefGroup = AC081CA61E55011200447D2C /* Products */;
			projectDirPath = "";
			projectRoot = "";
			targets = (
				AC081CA41E55011200447D2C /* BoostApp */,
			);
		};
/* End PBXProject section */

/* Begin PBXResourcesBuildPhase section */
		AC081CA31E55011200447D2C /* Resources */ = {
			isa = PBXResourcesBuildPhase;
			buildActionMask = 2147483647;
			files = (
				AC081CB31E55011300447D2C /* LaunchScreen.storyboard in Resources */,
				AC081CB01E55011300447D2C /* Assets.xcassets in Resources */,
				AC081CAE1E55011200447D2C /* Main.storyboard in Resources */,
			);
			runOnlyForDeploymentPostprocessing = 0;
		};
/* End PBXResourcesBuildPhase section */

/* Begin PBXSourcesBuildPhase section */
		AC081CA11E55011200447D2C /* Sources */ = {
			isa = PBXSourcesBuildPhase;
			buildActionMask = 2147483647;
			files = (
				AC081CAB1E55011200447D2C /* ViewController.swift in Sources */,
				AC081CA91E55011200447D2C /* AppDelegate.swift in Sources */,
				AC081CBB1E55259D00447D2C /* StudantViewController.swift in Sources */,
			);
			runOnlyForDeploymentPostprocessing = 0;
		};
/* End PBXSourcesBuildPhase section */

/* Begin PBXVariantGroup section */
		AC081CAC1E55011200447D2C /* Main.storyboard */ = {
			isa = PBXVariantGroup;
			children = (
				AC081CAD1E55011200447D2C /* Base */,
			);
			name = Main.storyboard;
			sourceTree = "<group>";
		};
		AC081CB11E55011300447D2C /* LaunchScreen.storyboard */ = {
			isa = PBXVariantGroup;
			children = (
				AC081CB21E55011300447D2C /* Base */,
			);
			name = LaunchScreen.storyboard;
			sourceTree = "<group>";
		};
/* End PBXVariantGroup section */

/* Begin XCBuildConfiguration section */
		AC081CB51E55011300447D2C /* Debug */ = {
			isa = XCBuildConfiguration;
			buildSettings = {
				ALWAYS_SEARCH_USER_PATHS = NO;
				CLANG_ANALYZER_NONNULL = YES;
				CLANG_CXX_LANGUAGE_STANDARD = "gnu++0x";
				CLANG_CXX_LIBRARY = "libc++";
				CLANG_ENABLE_MODULES = YES;
				CLANG_ENABLE_OBJC_ARC = YES;
				CLANG_WARN_BOOL_CONVERSION = YES;
				CLANG_WARN_CONSTANT_CONVERSION = YES;
				CLANG_WARN_DIRECT_OBJC_ISA_USAGE = YES_ERROR;
				CLANG_WARN_DOCUMENTATION_COMMENTS = YES;
				CLANG_WARN_EMPTY_BODY = YES;
				CLANG_WARN_ENUM_CONVERSION = YES;
				CLANG_WARN_INFINITE_RECURSION = YES;
				CLANG_WARN_INT_CONVERSION = YES;
				CLANG_WARN_OBJC_ROOT_CLASS = YES_ERROR;
				CLANG_WARN_SUSPICIOUS_MOVE = YES;
				CLANG_WARN_UNREACHABLE_CODE = YES;
				CLANG_WARN__DUPLICATE_METHOD_MATCH = YES;
				"CODE_SIGN_IDENTITY[sdk=iphoneos*]" = "iPhone Developer";
				COPY_PHASE_STRIP = NO;
				DEBUG_INFORMATION_FORMAT = dwarf;
				ENABLE_STRICT_OBJC_MSGSEND = YES;
				ENABLE_TESTABILITY = YES;
				GCC_C_LANGUAGE_STANDARD = gnu99;
				GCC_DYNAMIC_NO_PIC = NO;
				GCC_NO_COMMON_BLOCKS = YES;
				GCC_OPTIMIZATION_LEVEL = 0;
				GCC_PREPROCESSOR_DEFINITIONS = (
					"DEBUG=1",
					"$(inherited)",
				);
				GCC_WARN_64_TO_32_BIT_CONVERSION = YES;
				GCC_WARN_ABOUT_RETURN_TYPE = YES_ERROR;
				GCC_WARN_UNDECLARED_SELECTOR = YES;
				GCC_WARN_UNINITIALIZED_AUTOS = YES_AGGRESSIVE;
				GCC_WARN_UNUSED_FUNCTION = YES;
				GCC_WARN_UNUSED_VARIABLE = YES;
				IPHONEOS_DEPLOYMENT_TARGET = 8.0;
				MTL_ENABLE_DEBUG_INFO = YES;
				ONLY_ACTIVE_ARCH = YES;
				SDKROOT = iphoneos;
				SWIFT_ACTIVE_COMPILATION_CONDITIONS = DEBUG;
				SWIFT_OPTIMIZATION_LEVEL = "-Onone";
				TARGETED_DEVICE_FAMILY = "1,2";
			};
			name = Debug;
		};
		AC081CB61E55011300447D2C /* Release */ = {
			isa = XCBuildConfiguration;
			buildSettings = {
				ALWAYS_SEARCH_USER_PATHS = NO;
				CLANG_ANALYZER_NONNULL = YES;
				CLANG_CXX_LANGUAGE_STANDARD = "gnu++0x";
				CLANG_CXX_LIBRARY = "libc++";
				CLANG_ENABLE_MODULES = YES;
				CLANG_ENABLE_OBJC_ARC = YES;
				CLANG_WARN_BOOL_CONVERSION = YES;
				CLANG_WARN_CONSTANT_CONVERSION = YES;
				CLANG_WARN_DIRECT_OBJC_ISA_USAGE = YES_ERROR;
				CLANG_WARN_DOCUMENTATION_COMMENTS = YES;
				CLANG_WARN_EMPTY_BODY = YES;
				CLANG_WARN_ENUM_CONVERSION = YES;
				CLANG_WARN_INFINITE_RECURSION = YES;
				CLANG_WARN_INT_CONVERSION = YES;
				CLANG_WARN_OBJC_ROOT_CLASS = YES_ERROR;
				CLANG_WARN_SUSPICIOUS_MOVE = YES;
				CLANG_WARN_UNREACHABLE_CODE = YES;
				CLANG_WARN__DUPLICATE_METHOD_MATCH = YES;
				"CODE_SIGN_IDENTITY[sdk=iphoneos*]" = "iPhone Developer";
				COPY_PHASE_STRIP = NO;
				DEBUG_INFORMATION_FORMAT = "dwarf-with-dsym";
				ENABLE_NS_ASSERTIONS = NO;
				ENABLE_STRICT_OBJC_MSGSEND = YES;
				GCC_C_LANGUAGE_STANDARD = gnu99;
				GCC_NO_COMMON_BLOCKS = YES;
				GCC_WARN_64_TO_32_BIT_CONVERSION = YES;
				GCC_WARN_ABOUT_RETURN_TYPE = YES_ERROR;
				GCC_WARN_UNDECLARED_SELECTOR = YES;
				GCC_WARN_UNINITIALIZED_AUTOS = YES_AGGRESSIVE;
				GCC_WARN_UNUSED_FUNCTION = YES;
				GCC_WARN_UNUSED_VARIABLE = YES;
				IPHONEOS_DEPLOYMENT_TARGET = 8.0;
				MTL_ENABLE_DEBUG_INFO = NO;
				SDKROOT = iphoneos;
				SWIFT_OPTIMIZATION_LEVEL = "-Owholemodule";
				TARGETED_DEVICE_FAMILY = "1,2";
				VALIDATE_PRODUCT = YES;
			};
			name = Release;
		};
		AC081CB81E55011300447D2C /* Debug */ = {
			isa = XCBuildConfiguration;
			buildSettings = {
				ASSETCATALOG_COMPILER_APPICON_NAME = AppIcon;
				DEVELOPMENT_TEAM = KRXY7Q4555;
				INFOPLIST_FILE = BoostApp/Info.plist;
				IPHONEOS_DEPLOYMENT_TARGET = 8.0;
				LD_RUNPATH_SEARCH_PATHS = "$(inherited) @executable_path/Frameworks";
				PRODUCT_BUNDLE_IDENTIFIER = Fiap.BoostApp;
				PRODUCT_NAME = "$(TARGET_NAME)";
				SWIFT_VERSION = 3.0;
				TARGETED_DEVICE_FAMILY = 1;
			};
			name = Debug;
		};
		AC081CB91E55011300447D2C /* Release */ = {
			isa = XCBuildConfiguration;
			buildSettings = {
				ASSETCATALOG_COMPILER_APPICON_NAME = AppIcon;
				DEVELOPMENT_TEAM = KRXY7Q4555;
				INFOPLIST_FILE = BoostApp/Info.plist;
				IPHONEOS_DEPLOYMENT_TARGET = 8.0;
				LD_RUNPATH_SEARCH_PATHS = "$(inherited) @executable_path/Frameworks";
				PRODUCT_BUNDLE_IDENTIFIER = Fiap.BoostApp;
				PRODUCT_NAME = "$(TARGET_NAME)";
				SWIFT_VERSION = 3.0;
				TARGETED_DEVICE_FAMILY = 1;
			};
			name = Release;
		};
/* End XCBuildConfiguration section */

/* Begin XCConfigurationList section */
		AC081CA01E55011200447D2C /* Build configuration list for PBXProject "BoostApp" */ = {
			isa = XCConfigurationList;
			buildConfigurations = (
				AC081CB51E55011300447D2C /* Debug */,
				AC081CB61E55011300447D2C /* Release */,
			);
			defaultConfigurationIsVisible = 0;
			defaultConfigurationName = Release;
		};
		AC081CB71E55011300447D2C /* Build configuration list for PBXNativeTarget "BoostApp" */ = {
			isa = XCConfigurationList;
			buildConfigurations = (
				AC081CB81E55011300447D2C /* Debug */,
				AC081CB91E55011300447D2C /* Release */,
			);
			defaultConfigurationIsVisible = 0;
		};
/* End XCConfigurationList section */
	};
	rootObject = AC081C9D1E55011200447D2C /* Project object */;
}
